
Microsoft Visual Studio Solution File, Format Version 12.00
# Visual Studio 15
VisualStudioVersion = 15.0.28307.489
MinimumVisualStudioVersion = 10.0.40219.1
Project("{FAE04EC0-301F-11D3-BF4B-00C04F79EFBC}") = "ejercicioTareaAbecedario", "ejercicioTareaAbecedario\ejercicioTareaAbecedario.csproj", "{5526F6E6-31D4-4F71-8CFE-90A7A4A2BEEB}"
EndProject
Global
	GlobalSection(SolutionConfigurationPlatforms) = preSolution
		Debug|Any CPU = Debug|Any CPU
		Release|Any CPU = Release|Any CPU
	EndGlobalSection
	GlobalSection(ProjectConfigurationPlatforms) = postSolution
		{5526F6E6-31D4-4F71-8CFE-90A7A4A2BEEB}.Debug|Any CPU.ActiveCfg = Debug|Any CPU
		{5526F6E6-31D4-4F71-8CFE-90A7A4A2BEEB}.Debug|Any CPU.Build.0 = Debug|Any CPU
		{5526F6E6-31D4-4F71-8CFE-90A7A4A2BEEB}.Release|Any CPU.ActiveCfg = Release|Any CPU
		{5526F6E6-31D4-4F71-8CFE-90A7A4A2BEEB}.Release|Any CPU.Build.0 = Release|Any CPU
	EndGlobalSection
	GlobalSection(SolutionProperties) = preSolution
		HideSolutionNode = FALSE
	EndGlobalSection
	GlobalSection(ExtensibilityGlobals) = postSolution
		SolutionGuid = {141702F9-2164-4FFE-BC32-EFF7CDFE3601}
	EndGlobalSection
EndGlobal
